github.com/araddon/gou v0.0.0-20211019181548-e7d08105776c h1:XUqw//RExYoxW4Eie8MuKp8sEDAZI1gMHX/daUFgZww=
github.com/araddon/gou v0.0.0-20211019181548-e7d08105776c/go.mod h1:ikc1XA58M+Rx7SEbf0bLJCfBkwayZ8T5jBo5FXK8Uz8=
github.com/bitly/go-hostpool v0.1.0 h1:XKmsF6k5el6xHG3WPJ8U0Ku/ye7njX7W81Ng7O2ioR0=
github.com/bitly/go-hostpool v0.1.0/go.mod h1:4gOCgp6+NZnVqlKyZ/iBZFTAJKembaVENUpMkpg42fw=
github.com/davecgh/go-spew v1.1.0/go.mod h1:J7Y8YcW2NihsgmVo/mv3lAwl/skON4iLHjSsI+c5H38=
github.com/mattbaird/elastigo v0.0.0-20170123220020-2fe47fd29e4b h1:v29yPGHhOqw7VHEnTeQFAth3SsBrmwc8JfuhNY0G34k=
github.com/mattbaird/elastigo v0.0.0-20170123220020-2fe47fd29e4b/go.mod h1:5MWrJXKRQyhQdUCF+vu6U5c4nQpg70vW3eHaU0/AYbU=
github.com/mattn/go-isatty v0.0.18 h1:DOKFKCQ7FNG2L1rbrmstDN4QVRdS89Nkh85u68Uwp98=
github.com/mattn/go-isatty v0.0.18/go.mod h1:W+V8PltTTMOvKvAeJH7IuucS94S2C6jfK/D7dTCTo3Y=
github.com/pmezard/go-difflib v1.0.0/go.mod h1:iKH77koFhYxTK1pcRnkKkqfTogsbg7gZNVY4sRDYZ/4=
github.com/sadlil/gologger v0.0.0-20180131031757-2507bf651df8 h1:BfzVPJvRbJty89rPrl05Cgy8yFNi5Cp/9FCXo8KSE04=
github.com/sadlil/gologger v0.0.0-20180131031757-2507bf651df8/go.mod h1:X7rpSlB93aR9tolgASgCxXZXNISbAT1LRYdO6TnmaSc=
github.com/shiena/ansicolor v0.0.0-20200904210342-c7312218db18 h1:DAYUYH5869yV94zvCES9F51oYtN5oGlwjxJJz7ZCnik=
github.com/shiena/ansicolor v0.0.0-20200904210342-c7312218db18/go.mod h1:nkxAfR/5quYxwPZhyDxgasBMnRtBZd0FCEpawpjMUFg=
github.com/stretchr/objx v0.1.0/go.mod h1:HFkY916IF+rwdDfMAkV7OtwuqBVzrE8GR6GFx+wExME=
github.com/stretchr/testify v1.4.0/go.mod h1:j7eGeouHqKxXV5pUuKE4zz7dFj8WfuZ+81PSLYec5m4=
golang.org/x/sys v0.6.0 h1:MVltZSvRTcU2ljQOhs94SXPftV6DCNnZViHeQps87pQ=
golang.org/x/sys v0.6.0/go.mod h1:oPkhp1MJrh7nUepCBck5+mAzfO9JrbApNNgaTdGDITg=
gopkg.in/check.v1 v0.0.0-20161208181325-20d25e280405/go.mod h1:Co6ibVJAznAaIkqp8huTwlJQCZ016jof/cbN4VW5Yz0=
gopkg.in/yaml.v2 v2.2.2/go.mod h1:hI93XBmqTisBFMUTm0b8Fm+jr3Dg1NNxqwp+5A1VGuI=
